{
  "originHash" : "055d4cc5820d0cd1e42db88df9cda3f14d99af830fb440de08fa6db75fd1c712",
  "pins" : [
    {
      "identity" : "capacitor-swift-pm",
      "kind" : "remoteSourceControl",
      "location" : "https://github.com/ionic-team/capacitor-swift-pm.git",
      "state" : {
        "revision" : "1a8565426224c0fdfaf5a7b746ab8e490bb0b67e",
        "version" : "7.4.5"
      }
    }
  ],
  "version" : 3
}
